
Microsoft Visual Studio Solution File, Format Version 11.00
# Visual Studio 2010
Project("{FAE04EC0-301F-11D3-BF4B-00C04F79EFBC}") = "Geolocation", "Geolocation\Geolocation.csproj", "{7D4FB533-35D0-4631-81B7-37BF8F26838F}"
EndProject
Project("{FAE04EC0-301F-11D3-BF4B-00C04F79EFBC}") = "Test", "Test\Test.csproj", "{BD28F6AA-73C3-423A-A0C5-281B27B21D01}"
EndProject
Global
	GlobalSection(SolutionConfigurationPlatforms) = preSolution
		Debug|Any CPU = Debug|Any CPU
		Debug|Mixed Platforms = Debug|Mixed Platforms
		Debug|x86 = Debug|x86
		Release|Any CPU = Release|Any CPU
		Release|Mixed Platforms = Release|Mixed Platforms
		Release|x86 = Release|x86
	EndGlobalSection
	GlobalSection(ProjectConfigurationPlatforms) = postSolution
		{7D4FB533-35D0-4631-81B7-37BF8F26838F}.Debug|Any CPU.ActiveCfg = Debug|Any CPU
		{7D4FB533-35D0-4631-81B7-37BF8F26838F}.Debug|Any CPU.Build.0 = Debug|Any CPU
		{7D4FB533-35D0-4631-81B7-37BF8F26838F}.Debug|Mixed Platforms.ActiveCfg = Debug|Any CPU
		{7D4FB533-35D0-4631-81B7-37BF8F26838F}.Debug|Mixed Platforms.Build.0 = Debug|Any CPU
		{7D4FB533-35D0-4631-81B7-37BF8F26838F}.Debug|x86.ActiveCfg = Debug|Any CPU
		{7D4FB533-35D0-4631-81B7-37BF8F26838F}.Release|Any CPU.ActiveCfg = Release|Any CPU
		{7D4FB533-35D0-4631-81B7-37BF8F26838F}.Release|Any CPU.Build.0 = Release|Any CPU
		{7D4FB533-35D0-4631-81B7-37BF8F26838F}.Release|Mixed Platforms.ActiveCfg = Release|Any CPU
		{7D4FB533-35D0-4631-81B7-37BF8F26838F}.Release|Mixed Platforms.Build.0 = Release|Any CPU
		{7D4FB533-35D0-4631-81B7-37BF8F26838F}.Release|x86.ActiveCfg = Release|Any CPU
		{BD28F6AA-73C3-423A-A0C5-281B27B21D01}.Debug|Any CPU.ActiveCfg = Debug|x86
		{BD28F6AA-73C3-423A-A0C5-281B27B21D01}.Debug|Mixed Platforms.ActiveCfg = Debug|x86
		{BD28F6AA-73C3-423A-A0C5-281B27B21D01}.Debug|Mixed Platforms.Build.0 = Debug|x86
		{BD28F6AA-73C3-423A-A0C5-281B27B21D01}.Debug|x86.ActiveCfg = Debug|x86
		{BD28F6AA-73C3-423A-A0C5-281B27B21D01}.Debug|x86.Build.0 = Debug|x86
		{BD28F6AA-73C3-423A-A0C5-281B27B21D01}.Release|Any CPU.ActiveCfg = Release|x86
		{BD28F6AA-73C3-423A-A0C5-281B27B21D01}.Release|Mixed Platforms.ActiveCfg = Release|x86
		{BD28F6AA-73C3-423A-A0C5-281B27B21D01}.Release|Mixed Platforms.Build.0 = Release|x86
		{BD28F6AA-73C3-423A-A0C5-281B27B21D01}.Release|x86.ActiveCfg = Release|x86
		{BD28F6AA-73C3-423A-A0C5-281B27B21D01}.Release|x86.Build.0 = Release|x86
	EndGlobalSection
	GlobalSection(SolutionProperties) = preSolution
		HideSolutionNode = FALSE
	EndGlobalSection
EndGlobal
